
Microsoft Visual Studio Solution File, Format Version 12.00
# Visual Studio Version 16
VisualStudioVersion = 16.0.30320.27
MinimumVisualStudioVersion = 10.0.40219.1
Project("{FAE04EC0-301F-11D3-BF4B-00C04F79EFBC}") = "HazineSihirbazForm", "HazineSihirbazForm\HazineSihirbazForm.csproj", "{D0AE25FF-A5BF-4324-8313-2C6F3053A4C5}"
EndProject
Project("{FAE04EC0-301F-11D3-BF4B-00C04F79EFBC}") = "HazineSihirbazi.DAL", "HazineShirbazi.DAL\HazineSihirbazi.DAL.csproj", "{C08C211D-0ADA-4FF3-A48C-D2DFA3EC03DE}"
EndProject
Project("{FAE04EC0-301F-11D3-BF4B-00C04F79EFBC}") = "HazineSihirbazi.BU", "HazineSihirbazi.BU\HazineSihirbazi.BU.csproj", "{C6BDBE2B-10AD-492F-AFF3-AE7F4206311B}"
EndProject
Project("{FAE04EC0-301F-11D3-BF4B-00C04F79EFBC}") = "VSIXProject1", "VSIXProject1\VSIXProject1.csproj", "{ACE63311-1AC1-4F26-8072-5818F8FBD4CA}"
EndProject
Global
	GlobalSection(SolutionConfigurationPlatforms) = preSolution
		Debug|Any CPU = Debug|Any CPU
		Release|Any CPU = Release|Any CPU
	EndGlobalSection
	GlobalSection(ProjectConfigurationPlatforms) = postSolution
		{D0AE25FF-A5BF-4324-8313-2C6F3053A4C5}.Debug|Any CPU.ActiveCfg = Debug|Any CPU
		{D0AE25FF-A5BF-4324-8313-2C6F3053A4C5}.Debug|Any CPU.Build.0 = Debug|Any CPU
		{D0AE25FF-A5BF-4324-8313-2C6F3053A4C5}.Release|Any CPU.ActiveCfg = Release|Any CPU
		{D0AE25FF-A5BF-4324-8313-2C6F3053A4C5}.Release|Any CPU.Build.0 = Release|Any CPU
		{C08C211D-0ADA-4FF3-A48C-D2DFA3EC03DE}.Debug|Any CPU.ActiveCfg = Debug|Any CPU
		{C08C211D-0ADA-4FF3-A48C-D2DFA3EC03DE}.Debug|Any CPU.Build.0 = Debug|Any CPU
		{C08C211D-0ADA-4FF3-A48C-D2DFA3EC03DE}.Release|Any CPU.ActiveCfg = Release|Any CPU
		{C08C211D-0ADA-4FF3-A48C-D2DFA3EC03DE}.Release|Any CPU.Build.0 = Release|Any CPU
		{C6BDBE2B-10AD-492F-AFF3-AE7F4206311B}.Debug|Any CPU.ActiveCfg = Debug|Any CPU
		{C6BDBE2B-10AD-492F-AFF3-AE7F4206311B}.Debug|Any CPU.Build.0 = Debug|Any CPU
		{C6BDBE2B-10AD-492F-AFF3-AE7F4206311B}.Release|Any CPU.ActiveCfg = Release|Any CPU
		{C6BDBE2B-10AD-492F-AFF3-AE7F4206311B}.Release|Any CPU.Build.0 = Release|Any CPU
		{ACE63311-1AC1-4F26-8072-5818F8FBD4CA}.Debug|Any CPU.ActiveCfg = Debug|Any CPU
		{ACE63311-1AC1-4F26-8072-5818F8FBD4CA}.Debug|Any CPU.Build.0 = Debug|Any CPU
		{ACE63311-1AC1-4F26-8072-5818F8FBD4CA}.Release|Any CPU.ActiveCfg = Release|Any CPU
		{ACE63311-1AC1-4F26-8072-5818F8FBD4CA}.Release|Any CPU.Build.0 = Release|Any CPU
	EndGlobalSection
	GlobalSection(SolutionProperties) = preSolution
		HideSolutionNode = FALSE
	EndGlobalSection
	GlobalSection(ExtensibilityGlobals) = postSolution
		SolutionGuid = {ACCF6E14-4753-4846-B1F0-5C89A0CE5175}
	EndGlobalSection
EndGlobal
